Microsoft Visual Studio Solution File, Format Version 12.00
# Visual Studio Version 17
VisualStudioVersion = 17.14.35806.103
MinimumVisualStudioVersion = 10.0.40219.1
Project("{FAE04EC0-301F-11D3-BF4B-00C04F79EFBC}") = "computer", "computer.csproj", "{37F7D788-63E9-4620-9FE9-94FC9EB046C8}"
EndProject
Global
	GlobalSection(SolutionConfigurationPlatforms) = preSolution
		Debug|Any CPU = Debug|Any CPU
		Release|Any CPU = Release|Any CPU
	EndGlobalSection
	GlobalSection(ProjectConfigurationPlatforms) = postSolution
		{37F7D788-63E9-4620-9FE9-94FC9EB046C8}.Debug|Any CPU.ActiveCfg = Debug|Any CPU
		{37F7D788-63E9-4620-9FE9-94FC9EB046C8}.Debug|Any CPU.Build.0 = Debug|Any CPU
		{37F7D788-63E9-4620-9FE9-94FC9EB046C8}.Release|Any CPU.ActiveCfg = Release|Any CPU
		{37F7D788-63E9-4620-9FE9-94FC9EB046C8}.Release|Any CPU.Build.0 = Release|Any CPU
	EndGlobalSection
	GlobalSection(SolutionProperties) = preSolution
		HideSolutionNode = FALSE
	EndGlobalSection
	GlobalSection(ExtensibilityGlobals) = postSolution
		SolutionGuid = {E9B13847-C045-4BA9-BA43-0965FBB7EC56}
	EndGlobalSection
EndGlobal
